<?xml version="1.0" encoding="UTF-8"?>
<CONFIG>
  <ProjectOptions>
    <Version Value="10"/>
    <PathDelim Value="\"/>
    <General>
      <MainUnit Value="0"/>
      <Title Value="stub"/>
      <ResourceType Value="res"/>
      <UseXPManifest Value="True"/>
      <Icon Value="0"/>
    </General>
    <i18n>
      <EnableI18N LFM="False"/>
    </i18n>
    <VersionInfo>
      <UseVersionInfo Value="True"/>
      <MajorVersionNr Value="1"/>
      <BuildNr Value="10"/>
      <Language Value="0809"/>
      <StringTable Comments="conatct :: stub&lt;at>keleven.co.uk" CompanyName="www.keleven.co.uk" FileDescription="A template for future lazarus / freepascal projects" InternalName="Stub" LegalCopyright="(c) Kevin Scott [2012 - 2107]" OriginalFilename="Stub" ProductName="Stub" ProductVersion="Build 10"/>
    </VersionInfo>
    <BuildModes Count="1" Active="Default">
      <Item1 Name="Default" Default="True"/>
    </BuildModes>
    <PublishOptions>
      <Version Value="2"/>
      <IncludeFileFilter Value="*.(pas|pp|inc|lfm|lpr|lrs|lpi|lpk|sh|xml)"/>
      <ExcludeFileFilter Value="*.(bak|ppu|o|so);*~;backup"/>
    </PublishOptions>
    <RunParams>
      <local>
        <FormatVersion Value="1"/>
      </local>
    </RunParams>
    <RequiredPackages Count="1">
      <Item1>
        <PackageName Value="LCL"/>
      </Item1>
    </RequiredPackages>
    <Units Count="10">
      <Unit0>
        <Filename Value="stub.lpr"/>
        <IsPartOfProject Value="True"/>
        <EditorIndex Value="2"/>
        <CursorPos X="65" Y="10"/>
        <UsageCount Value="48"/>
        <Loaded Value="True"/>
      </Unit0>
      <Unit1>
        <Filename Value="formstub.pas"/>
        <IsPartOfProject Value="True"/>
        <ComponentName Value="frmMain"/>
        <HasResources Value="True"/>
        <ResourceBaseClass Value="Form"/>
        <UnitName Value="formStub"/>
        <EditorIndex Value="1"/>
        <TopLine Value="8"/>
        <CursorPos X="46" Y="26"/>
        <UsageCount Value="48"/>
        <Loaded Value="True"/>
        <LoadedDesigner Value="True"/>
      </Unit1>
      <Unit2>
        <Filename Value="info.txt"/>
        <IsPartOfProject Value="True"/>
        <EditorIndex Value="-1"/>
        <CursorPos X="39" Y="6"/>
        <UsageCount Value="46"/>
        <DefaultSyntaxHighlighter Value="None"/>
      </Unit2>
      <Unit3>
        <Filename Value="formabout.pas"/>
        <IsPartOfProject Value="True"/>
        <ComponentName Value="frmAbout"/>
        <HasResources Value="True"/>
        <ResourceBaseClass Value="Form"/>
        <UnitName Value="formAbout"/>
        <IsVisibleTab Value="True"/>
        <EditorIndex Value="7"/>
        <CursorPos X="52" Y="16"/>
        <UsageCount Value="46"/>
        <Loaded Value="True"/>
        <LoadedDesigner Value="True"/>
      </Unit3>
      <Unit4>
        <Filename Value="formhelp.pas"/>
        <IsPartOfProject Value="True"/>
        <ComponentName Value="frmHelp"/>
        <HasResources Value="True"/>
        <ResourceBaseClass Value="Form"/>
        <CursorPos X="11" Y="9"/>
        <ExtraEditorCount Value="1"/>
        <ExtraEditor1>
          <EditorIndex Value="5"/>
          <TopLine Value="9"/>
          <CursorPos X="81" Y="61"/>
        </ExtraEditor1>
        <UsageCount Value="42"/>
        <Loaded Value="True"/>
        <LoadedDesigner Value="True"/>
      </Unit4>
      <Unit5>
        <Filename Value="formoptions.pas"/>
        <IsPartOfProject Value="True"/>
        <ComponentName Value="frmOptions"/>
        <HasResources Value="True"/>
        <ResourceBaseClass Value="Form"/>
        <UnitName Value="formOptions"/>
        <EditorIndex Value="4"/>
        <TopLine Value="8"/>
        <CursorPos X="9"/>
        <UsageCount Value="39"/>
        <Loaded Value="True"/>
        <LoadedDesigner Value="True"/>
      </Unit5>
      <Unit6>
        <Filename Value="formlicence.pas"/>
        <IsPartOfProject Value="True"/>
        <ComponentName Value="frmLicence"/>
        <HasResources Value="True"/>
        <ResourceBaseClass Value="Form"/>
        <UnitName Value="formLicence"/>
        <EditorIndex Value="6"/>
        <TopLine Value="33"/>
        <CursorPos Y="57"/>
        <UsageCount Value="32"/>
        <Loaded Value="True"/>
        <LoadedDesigner Value="True"/>
      </Unit6>
      <Unit7>
        <Filename Value="C:\lazarus\lcl\include\customform.inc"/>
        <TopLine Value="2091"/>
        <CursorPos Y="2110"/>
        <UsageCount Value="10"/>
      </Unit7>
      <Unit8>
        <Filename Value="C:\lazarus\lcl\include\control.inc"/>
        <TopLine Value="2769"/>
        <CursorPos Y="2788"/>
        <UsageCount Value="10"/>
      </Unit8>
      <Unit9>
        <Filename Value="uoptions.pas"/>
        <IsPartOfProject Value="True"/>
        <UnitName Value="uOptions"/>
        <EditorIndex Value="3"/>
        <TopLine Value="185"/>
        <CursorPos Y="221"/>
        <UsageCount Value="25"/>
        <Loaded Value="True"/>
      </Unit9>
    </Units>
    <JumpHistory Count="30" HistoryIndex="29">
      <Position1>
        <Filename Value="uoptions.pas"/>
        <Caret Line="178" Column="78" TopLine="157"/>
      </Position1>
      <Position2>
        <Filename Value="uoptions.pas"/>
        <Caret Line="180" Column="37" TopLine="162"/>
      </Position2>
      <Position3>
        <Filename Value="uoptions.pas"/>
        <Caret Line="94" Column="71" TopLine="91"/>
      </Position3>
      <Position4>
        <Filename Value="uoptions.pas"/>
        <Caret Line="241" Column="37" TopLine="221"/>
      </Position4>
      <Position5>
        <Filename Value="uoptions.pas"/>
        <Caret Line="180" Column="7" TopLine="162"/>
      </Position5>
      <Position6>
        <Filename Value="uoptions.pas"/>
        <Caret Line="106" Column="16" TopLine="88"/>
      </Position6>
      <Position7>
        <Filename Value="uoptions.pas"/>
        <Caret Line="180" Column="28" TopLine="104"/>
      </Position7>
      <Position8>
        <Filename Value="uoptions.pas"/>
        <Caret Line="180" Column="7" TopLine="169"/>
      </Position8>
      <Position9>
        <Filename Value="uoptions.pas"/>
        <Caret Line="241" Column="5" TopLine="224"/>
      </Position9>
      <Position10>
        <Filename Value="uoptions.pas"/>
        <Caret Line="180" Column="7" TopLine="162"/>
      </Position10>
      <Position11>
        <Filename Value="uoptions.pas"/>
        <Caret Line="241" Column="25" TopLine="223"/>
      </Position11>
      <Position12>
        <Filename Value="uoptions.pas"/>
        <Caret Line="242" Column="78" TopLine="223"/>
      </Position12>
      <Position13>
        <Filename Value="uoptions.pas"/>
        <Caret Line="61" Column="63" TopLine="37"/>
      </Position13>
      <Position14>
        <Filename Value="formlicence.pas"/>
        <Caret Line="56" Column="41" TopLine="30"/>
      </Position14>
      <Position15>
        <Filename Value="formlicence.pas"/>
        <Caret Line="57" Column="41" TopLine="31"/>
      </Position15>
      <Position16>
        <Filename Value="formlicence.pas"/>
        <Caret Line="58" Column="41" TopLine="32"/>
      </Position16>
      <Position17>
        <Filename Value="formhelp.pas"/>
        <Caret Line="58" Column="38" TopLine="35"/>
      </Position17>
      <Position18>
        <Filename Value="formhelp.pas"/>
        <Caret Line="61" Column="38" TopLine="38"/>
      </Position18>
      <Position19>
        <Filename Value="uoptions.pas"/>
        <Caret Line="345" Column="83" TopLine="319"/>
      </Position19>
      <Position20>
        <Filename Value="uoptions.pas"/>
        <Caret Line="66" Column="77" TopLine="46"/>
      </Position20>
      <Position21>
        <Filename Value="uoptions.pas"/>
        <Caret Line="348" Column="63" TopLine="327"/>
      </Position21>
      <Position22>
        <Filename Value="uoptions.pas"/>
        <Caret Line="218" Column="76" TopLine="208"/>
      </Position22>
      <Position23>
        <Filename Value="formstub.pas"/>
        <Caret Line="69" Column="3" TopLine="46"/>
      </Position23>
      <Position24>
        <Filename Value="formabout.pas"/>
        <Caret Line="61" Column="54" TopLine="39"/>
      </Position24>
      <Position25>
        <Filename Value="formabout.pas"/>
        <Caret Line="62" Column="54" TopLine="40"/>
      </Position25>
      <Position26>
        <Filename Value="formabout.pas"/>
        <Caret Line="71" Column="23" TopLine="41"/>
      </Position26>
      <Position27>
        <Filename Value="formabout.pas"/>
        <Caret Line="73" Column="52" TopLine="42"/>
      </Position27>
      <Position28>
        <Filename Value="formabout.pas"/>
        <Caret Line="59" Column="81" TopLine="45"/>
      </Position28>
      <Position29>
        <Filename Value="formabout.pas"/>
        <Caret Line="73" Column="49" TopLine="46"/>
      </Position29>
      <Position30>
        <Filename Value="formstub.pas"/>
        <Caret Line="26" Column="46" TopLine="8"/>
      </Position30>
    </JumpHistory>
  </ProjectOptions>
  <CompilerOptions>
    <Version Value="11"/>
    <PathDelim Value="\"/>
    <Target>
      <Filename Value="stub"/>
    </Target>
    <SearchPaths>
      <IncludeFiles Value="$(ProjOutDir)"/>
      <UnitOutputDirectory Value="lib\$(TargetCPU)-$(TargetOS)"/>
    </SearchPaths>
    <Linking>
      <Debugging>
        <GenerateDebugInfo Value="False"/>
      </Debugging>
      <LinkSmart Value="True"/>
      <Options>
        <Win32>
          <GraphicApplication Value="True"/>
        </Win32>
      </Options>
    </Linking>
  </CompilerOptions>
  <Debugging>
    <Exceptions Count="3">
      <Item1>
        <Name Value="EAbort"/>
      </Item1>
      <Item2>
        <Name Value="ECodetoolError"/>
      </Item2>
      <Item3>
        <Name Value="EFOpenError"/>
      </Item3>
    </Exceptions>
  </Debugging>
</CONFIG>
