<?xml version="1.0"?>
<CONFIG>
  <ProjectOptions>
    <Version Value="9"/>
    <PathDelim Value="\"/>
    <General>
      <MainUnit Value="0"/>
      <Title Value="stub"/>
      <ResourceType Value="res"/>
      <UseXPManifest Value="True"/>
      <Icon Value="0"/>
      <ActiveWindowIndexAtStart Value="0"/>
    </General>
    <i18n>
      <EnableI18N LFM="False"/>
    </i18n>
    <VersionInfo>
      <UseVersionInfo Value="True"/>
      <BuildNr Value="6"/>
      <Language Value="0809"/>
      <StringTable ProductName="7" ProductVersion=""/>
    </VersionInfo>
    <BuildModes Count="1" Active="Default">
      <Item1 Name="Default" Default="True"/>
    </BuildModes>
    <PublishOptions>
      <Version Value="2"/>
      <IncludeFileFilter Value="*.(pas|pp|inc|lfm|lpr|lrs|lpi|lpk|sh|xml)"/>
      <ExcludeFileFilter Value="*.(bak|ppu|o|so);*~;backup"/>
    </PublishOptions>
    <RunParams>
      <local>
        <FormatVersion Value="1"/>
      </local>
    </RunParams>
    <RequiredPackages Count="1">
      <Item1>
        <PackageName Value="LCL"/>
      </Item1>
    </RequiredPackages>
    <Units Count="9">
      <Unit0>
        <Filename Value="stub.lpr"/>
        <IsPartOfProject Value="True"/>
        <UnitName Value="stub"/>
        <WindowIndex Value="0"/>
        <TopLine Value="1"/>
        <CursorPos X="1" Y="22"/>
        <UsageCount Value="38"/>
      </Unit0>
      <Unit1>
        <Filename Value="ustub.pas"/>
        <IsPartOfProject Value="True"/>
        <ComponentName Value="frmMain"/>
        <ResourceBaseClass Value="Form"/>
        <UnitName Value="UStub"/>
        <EditorIndex Value="0"/>
        <WindowIndex Value="0"/>
        <TopLine Value="41"/>
        <CursorPos X="35" Y="61"/>
        <UsageCount Value="38"/>
        <Loaded Value="True"/>
        <LoadedDesigner Value="True"/>
      </Unit1>
      <Unit2>
        <Filename Value="info.txt"/>
        <IsPartOfProject Value="True"/>
        <EditorIndex Value="5"/>
        <WindowIndex Value="0"/>
        <TopLine Value="1"/>
        <CursorPos X="15" Y="2"/>
        <UsageCount Value="36"/>
        <Loaded Value="True"/>
        <DefaultSyntaxHighlighter Value="None"/>
      </Unit2>
      <Unit3>
        <Filename Value="uabout.pas"/>
        <IsPartOfProject Value="True"/>
        <ComponentName Value="frmAbout"/>
        <ResourceBaseClass Value="Form"/>
        <UnitName Value="UAbout"/>
        <EditorIndex Value="4"/>
        <WindowIndex Value="0"/>
        <TopLine Value="17"/>
        <CursorPos X="52" Y="57"/>
        <UsageCount Value="36"/>
        <Loaded Value="True"/>
        <LoadedDesigner Value="True"/>
      </Unit3>
      <Unit4>
        <Filename Value="uhelp.pas"/>
        <IsPartOfProject Value="True"/>
        <ComponentName Value="frmHelp"/>
        <ResourceBaseClass Value="Form"/>
        <UnitName Value="Uhelp"/>
        <EditorIndex Value="2"/>
        <WindowIndex Value="0"/>
        <TopLine Value="20"/>
        <CursorPos X="42" Y="56"/>
        <ExtraEditorCount Value="1"/>
        <UsageCount Value="32"/>
        <Loaded Value="True"/>
        <LoadedDesigner Value="True"/>
      </Unit4>
      <Unit5>
        <Filename Value="uoptions.pas"/>
        <IsPartOfProject Value="True"/>
        <ComponentName Value="frmOptions"/>
        <ResourceBaseClass Value="Form"/>
        <UnitName Value="UOptions"/>
        <EditorIndex Value="1"/>
        <WindowIndex Value="0"/>
        <TopLine Value="2"/>
        <CursorPos X="1" Y="38"/>
        <UsageCount Value="29"/>
        <Loaded Value="True"/>
        <LoadedDesigner Value="True"/>
      </Unit5>
      <Unit6>
        <Filename Value="ulicence.pas"/>
        <IsPartOfProject Value="True"/>
        <ComponentName Value="frmLicence"/>
        <HasResources Value="True"/>
        <ResourceBaseClass Value="Form"/>
        <UnitName Value="uLicence"/>
        <IsVisibleTab Value="True"/>
        <EditorIndex Value="3"/>
        <WindowIndex Value="0"/>
        <TopLine Value="17"/>
        <CursorPos X="45" Y="53"/>
        <UsageCount Value="22"/>
        <Loaded Value="True"/>
        <LoadedDesigner Value="True"/>
      </Unit6>
      <Unit7>
        <Filename Value="C:\lazarus\lcl\include\customform.inc"/>
        <WindowIndex Value="0"/>
        <TopLine Value="2091"/>
        <CursorPos X="1" Y="2110"/>
        <UsageCount Value="10"/>
      </Unit7>
      <Unit8>
        <Filename Value="C:\lazarus\lcl\include\control.inc"/>
        <WindowIndex Value="0"/>
        <TopLine Value="2769"/>
        <CursorPos X="1" Y="2788"/>
        <UsageCount Value="10"/>
      </Unit8>
    </Units>
    <JumpHistory Count="30" HistoryIndex="29">
      <Position1>
        <Filename Value="uabout.pas"/>
        <Caret Line="50" Column="58" TopLine="8"/>
      </Position1>
      <Position2>
        <Filename Value="ustub.pas"/>
        <Caret Line="38" Column="69" TopLine="18"/>
      </Position2>
      <Position3>
        <Filename Value="ustub.pas"/>
        <Caret Line="39" Column="69" TopLine="19"/>
      </Position3>
      <Position4>
        <Filename Value="ustub.pas"/>
        <Caret Line="38" Column="69" TopLine="18"/>
      </Position4>
      <Position5>
        <Filename Value="ustub.pas"/>
        <Caret Line="40" Column="69" TopLine="19"/>
      </Position5>
      <Position6>
        <Filename Value="ustub.pas"/>
        <Caret Line="67" Column="24" TopLine="29"/>
      </Position6>
      <Position7>
        <Filename Value="ustub.pas"/>
        <Caret Line="9" Column="43" TopLine="1"/>
      </Position7>
      <Position8>
        <Filename Value="uabout.pas"/>
        <Caret Line="50" Column="58" TopLine="12"/>
      </Position8>
      <Position9>
        <Filename Value="uoptions.pas"/>
        <Caret Line="38" Column="37" TopLine="1"/>
      </Position9>
      <Position10>
        <Filename Value="ustub.pas"/>
        <Caret Line="67" Column="13" TopLine="29"/>
      </Position10>
      <Position11>
        <Filename Value="ustub.pas"/>
        <Caret Line="66" Column="13" TopLine="5"/>
      </Position11>
      <Position12>
        <Filename Value="ustub.pas"/>
        <Caret Line="46" Column="40" TopLine="13"/>
      </Position12>
      <Position13>
        <Filename Value="ustub.pas"/>
        <Caret Line="47" Column="44" TopLine="26"/>
      </Position13>
      <Position14>
        <Filename Value="ustub.pas"/>
        <Caret Line="49" Column="44" TopLine="27"/>
      </Position14>
      <Position15>
        <Filename Value="ustub.pas"/>
        <Caret Line="76" Column="41" TopLine="36"/>
      </Position15>
      <Position16>
        <Filename Value="ustub.pas"/>
        <Caret Line="74" Column="52" TopLine="36"/>
      </Position16>
      <Position17>
        <Filename Value="ulicence.pas"/>
        <Caret Line="1" Column="1" TopLine="1"/>
      </Position17>
      <Position18>
        <Filename Value="ustub.pas"/>
        <Caret Line="75" Column="27" TopLine="36"/>
      </Position18>
      <Position19>
        <Filename Value="ustub.pas"/>
        <Caret Line="82" Column="27" TopLine="45"/>
      </Position19>
      <Position20>
        <Filename Value="ustub.pas"/>
        <Caret Line="66" Column="20" TopLine="49"/>
      </Position20>
      <Position21>
        <Filename Value="ustub.pas"/>
        <Caret Line="76" Column="13" TopLine="49"/>
      </Position21>
      <Position22>
        <Filename Value="ustub.pas"/>
        <Caret Line="9" Column="53" TopLine="1"/>
      </Position22>
      <Position23>
        <Filename Value="ustub.pas"/>
        <Caret Line="76" Column="18" TopLine="49"/>
      </Position23>
      <Position24>
        <Filename Value="uhelp.pas"/>
        <Caret Line="36" Column="56" TopLine="20"/>
      </Position24>
      <Position25>
        <Filename Value="uhelp.pas"/>
        <Caret Line="46" Column="37" TopLine="22"/>
      </Position25>
      <Position26>
        <Filename Value="uhelp.pas"/>
        <Caret Line="47" Column="7" TopLine="24"/>
      </Position26>
      <Position27>
        <Filename Value="uhelp.pas"/>
        <Caret Line="46" Column="22" TopLine="25"/>
      </Position27>
      <Position28>
        <Filename Value="uhelp.pas"/>
        <Caret Line="49" Column="84" TopLine="25"/>
      </Position28>
      <Position29>
        <Filename Value="uhelp.pas"/>
        <Caret Line="46" Column="8" TopLine="27"/>
      </Position29>
      <Position30>
        <Filename Value="ustub.pas"/>
        <Caret Line="82" Column="72" TopLine="49"/>
      </Position30>
    </JumpHistory>
  </ProjectOptions>
  <CompilerOptions>
    <Version Value="9"/>
    <PathDelim Value="\"/>
    <Target>
      <Filename Value="stub"/>
    </Target>
    <SearchPaths>
      <IncludeFiles Value="$(ProjOutDir)"/>
      <UnitOutputDirectory Value="lib\$(TargetCPU)-$(TargetOS)"/>
    </SearchPaths>
    <Linking>
      <Options>
        <Win32>
          <GraphicApplication Value="True"/>
        </Win32>
      </Options>
    </Linking>
    <Other>
      <CompilerMessages>
        <UseMsgFile Value="True"/>
      </CompilerMessages>
      <CompilerPath Value="$(CompPath)"/>
    </Other>
  </CompilerOptions>
  <Debugging>
    <Exceptions Count="3">
      <Item1>
        <Name Value="EAbort"/>
      </Item1>
      <Item2>
        <Name Value="ECodetoolError"/>
      </Item2>
      <Item3>
        <Name Value="EFOpenError"/>
      </Item3>
    </Exceptions>
  </Debugging>
</CONFIG>
